// !$*UTF8*$!
{
	archiveVersion = 1;
	classes = {
	};
	objectVersion = 56;
	objects = {

/* Begin PBXBuildFile section */
		0540B23A2A08CF9B007A4D65 /* UserPrompt.swift in Sources */ = {isa = PBXBuildFile; fileRef = 0540B2392A08CF9B007A4D65 /* UserPrompt.swift */; };
		0540B23C2A0A2341007A4D65 /* MainView.swift in Sources */ = {isa = PBXBuildFile; fileRef = 0540B23B2A0A2341007A4D65 /* MainView.swift */; };
		05633BB42A0E453D00E6852A /* AddPeriod.swift in Sources */ = {isa = PBXBuildFile; fileRef = 05633BB32A0E453D00E6852A /* AddPeriod.swift */; };
		05633BB62A0E4C4C00E6852A /* PeriodManager.swift in Sources */ = {isa = PBXBuildFile; fileRef = 05633BB52A0E4C4C00E6852A /* PeriodManager.swift */; };
		05858DF52A04EF0100DEF42E /* RedCalApp.swift in Sources */ = {isa = PBXBuildFile; fileRef = 05858DF42A04EF0100DEF42E /* RedCalApp.swift */; };
		05858DF72A04EF0100DEF42E /* ContentView.swift in Sources */ = {isa = PBXBuildFile; fileRef = 05858DF62A04EF0100DEF42E /* ContentView.swift */; };
		05858DF92A04EF0200DEF42E /* Assets.xcassets in Resources */ = {isa = PBXBuildFile; fileRef = 05858DF82A04EF0200DEF42E /* Assets.xcassets */; };
		05858DFC2A04EF0200DEF42E /* Preview Assets.xcassets in Resources */ = {isa = PBXBuildFile; fileRef = 05858DFB2A04EF0200DEF42E /* Preview Assets.xcassets */; };
		05858DFE2A04EF0200DEF42E /* Persistence.swift in Sources */ = {isa = PBXBuildFile; fileRef = 05858DFD2A04EF0200DEF42E /* Persistence.swift */; };
		05858E012A04EF0200DEF42E /* RedCal.xcdatamodeld in Sources */ = {isa = PBXBuildFile; fileRef = 05858DFF2A04EF0200DEF42E /* RedCal.xcdatamodeld */; };
		05CC9BEF2A0CDFF2004CC855 /* AnswerManager.swift in Sources */ = {isa = PBXBuildFile; fileRef = 05CC9BEE2A0CDFF2004CC855 /* AnswerManager.swift */; };
/* End PBXBuildFile section */

/* Begin PBXFileReference section */
		0540B2392A08CF9B007A4D65 /* UserPrompt.swift */ = {isa = PBXFileReference; lastKnownFileType = sourcecode.swift; path = UserPrompt.swift; sourceTree = "<group>"; };
		0540B23B2A0A2341007A4D65 /* MainView.swift */ = {isa = PBXFileReference; lastKnownFileType = sourcecode.swift; path = MainView.swift; sourceTree = "<group>"; };
		05633BB32A0E453D00E6852A /* AddPeriod.swift */ = {isa = PBXFileReference; lastKnownFileType = sourcecode.swift; path = AddPeriod.swift; sourceTree = "<group>"; };
		05633BB52A0E4C4C00E6852A /* PeriodManager.swift */ = {isa = PBXFileReference; lastKnownFileType = sourcecode.swift; path = PeriodManager.swift; sourceTree = "<group>"; };
		05858DF12A04EF0100DEF42E /* RedCal.app */ = {isa = PBXFileReference; explicitFileType = wrapper.application; includeInIndex = 0; path = RedCal.app; sourceTree = BUILT_PRODUCTS_DIR; };
		05858DF42A04EF0100DEF42E /* RedCalApp.swift */ = {isa = PBXFileReference; lastKnownFileType = sourcecode.swift; path = RedCalApp.swift; sourceTree = "<group>"; };
		05858DF62A04EF0100DEF42E /* ContentView.swift */ = {isa = PBXFileReference; lastKnownFileType = sourcecode.swift; path = ContentView.swift; sourceTree = "<group>"; };
		05858DF82A04EF0200DEF42E /* Assets.xcassets */ = {isa = PBXFileReference; lastKnownFileType = folder.assetcatalog; path = Assets.xcassets; sourceTree = "<group>"; };
		05858DFB2A04EF0200DEF42E /* Preview Assets.xcassets */ = {isa = PBXFileReference; lastKnownFileType = folder.assetcatalog; path = "Preview Assets.xcassets"; sourceTree = "<group>"; };
		05858DFD2A04EF0200DEF42E /* Persistence.swift */ = {isa = PBXFileReference; lastKnownFileType = sourcecode.swift; path = Persistence.swift; sourceTree = "<group>"; };
		05858E002A04EF0200DEF42E /* RedCal.xcdatamodel */ = {isa = PBXFileReference; lastKnownFileType = wrapper.xcdatamodel; path = RedCal.xcdatamodel; sourceTree = "<group>"; };
		05CC9BEE2A0CDFF2004CC855 /* AnswerManager.swift */ = {isa = PBXFileReference; lastKnownFileType = sourcecode.swift; path = AnswerManager.swift; sourceTree = "<group>"; };
/* End PBXFileReference section */

/* Begin PBXFrameworksBuildPhase section */
		05858DEE2A04EF0100DEF42E /* Frameworks */ = {
			isa = PBXFrameworksBuildPhase;
			buildActionMask = 2147483647;
			files = (
			);
			runOnlyForDeploymentPostprocessing = 0;
		};
/* End PBXFrameworksBuildPhase section */

/* Begin PBXGroup section */
		05858DE82A04EF0100DEF42E = {
			isa = PBXGroup;
			children = (
				05858DF32A04EF0100DEF42E /* RedCal */,
				05858DF22A04EF0100DEF42E /* Products */,
			);
			sourceTree = "<group>";
		};
		05858DF22A04EF0100DEF42E /* Products */ = {
			isa = PBXGroup;
			children = (
				05858DF12A04EF0100DEF42E /* RedCal.app */,
			);
			name = Products;
			sourceTree = "<group>";
		};
		05858DF32A04EF0100DEF42E /* RedCal */ = {
			isa = PBXGroup;
			children = (
				05633BB52A0E4C4C00E6852A /* PeriodManager.swift */,
				05858DF42A04EF0100DEF42E /* RedCalApp.swift */,
				0540B2392A08CF9B007A4D65 /* UserPrompt.swift */,
				05CC9BEE2A0CDFF2004CC855 /* AnswerManager.swift */,
				0540B23B2A0A2341007A4D65 /* MainView.swift */,
				05633BB32A0E453D00E6852A /* AddPeriod.swift */,
				05858DF62A04EF0100DEF42E /* ContentView.swift */,
				05858DF82A04EF0200DEF42E /* Assets.xcassets */,
				05858DFD2A04EF0200DEF42E /* Persistence.swift */,
				05858DFF2A04EF0200DEF42E /* RedCal.xcdatamodeld */,
				05858DFA2A04EF0200DEF42E /* Preview Content */,
			);
			path = RedCal;
			sourceTree = "<group>";
		};
		05858DFA2A04EF0200DEF42E /* Preview Content */ = {
			isa = PBXGroup;
			children = (
				05858DFB2A04EF0200DEF42E /* Preview Assets.xcassets */,
			);
			path = "Preview Content";
			sourceTree = "<group>";
		};
/* End PBXGroup section */

/* Begin PBXNativeTarget section */
		05858DF02A04EF0100DEF42E /* RedCal */ = {
			isa = PBXNativeTarget;
			buildConfigurationList = 05858E042A04EF0200DEF42E /* Build configuration list for PBXNativeTarget "RedCal" */;
			buildPhases = (
				05858DED2A04EF0100DEF42E /* Sources */,
				05858DEE2A04EF0100DEF42E /* Frameworks */,
				05858DEF2A04EF0100DEF42E /* Resources */,
			);
			buildRules = (
			);
			dependencies = (
			);
			name = RedCal;
			productName = RedCal;
			productReference = 05858DF12A04EF0100DEF42E /* RedCal.app */;
			productType = "com.apple.product-type.application";
		};
/* End PBXNativeTarget section */

/* Begin PBXProject section */
		05858DE92A04EF0100DEF42E /* Project object */ = {
			isa = PBXProject;
			attributes = {
				BuildIndependentTargetsInParallel = 1;
				LastSwiftUpdateCheck = 1420;
				LastUpgradeCheck = 1420;
				TargetAttributes = {
					05858DF02A04EF0100DEF42E = {
						CreatedOnToolsVersion = 14.2;
					};
				};
			};
			buildConfigurationList = 05858DEC2A04EF0100DEF42E /* Build configuration list for PBXProject "RedCal" */;
			compatibilityVersion = "Xcode 14.0";
			developmentRegion = en;
			hasScannedForEncodings = 0;
			knownRegions = (
				en,
				Base,
			);
			mainGroup = 05858DE82A04EF0100DEF42E;
			productRefGroup = 05858DF22A04EF0100DEF42E /* Products */;
			projectDirPath = "";
			projectRoot = "";
			targets = (
				05858DF02A04EF0100DEF42E /* RedCal */,
			);
		};
/* End PBXProject section */

/* Begin PBXResourcesBuildPhase section */
		05858DEF2A04EF0100DEF42E /* Resources */ = {
			isa = PBXResourcesBuildPhase;
			buildActionMask = 2147483647;
			files = (
				05858DFC2A04EF0200DEF42E /* Preview Assets.xcassets in Resources */,
				05858DF92A04EF0200DEF42E /* Assets.xcassets in Resources */,
			);
			runOnlyForDeploymentPostprocessing = 0;
		};
/* End PBXResourcesBuildPhase section */

/* Begin PBXSourcesBuildPhase section */
		05858DED2A04EF0100DEF42E /* Sources */ = {
			isa = PBXSourcesBuildPhase;
			buildActionMask = 2147483647;
			files = (
				05858DFE2A04EF0200DEF42E /* Persistence.swift in Sources */,
				0540B23C2A0A2341007A4D65 /* MainView.swift in Sources */,
				05858DF72A04EF0100DEF42E /* ContentView.swift in Sources */,
				05858E012A04EF0200DEF42E /* RedCal.xcdatamodeld in Sources */,
				05858DF52A04EF0100DEF42E /* RedCalApp.swift in Sources */,
				05CC9BEF2A0CDFF2004CC855 /* AnswerManager.swift in Sources */,
				05633BB42A0E453D00E6852A /* AddPeriod.swift in Sources */,
				05633BB62A0E4C4C00E6852A /* PeriodManager.swift in Sources */,
				0540B23A2A08CF9B007A4D65 /* UserPrompt.swift in Sources */,
			);
			runOnlyForDeploymentPostprocessing = 0;
		};
/* End PBXSourcesBuildPhase section */

/* Begin XCBuildConfiguration section */
		05858E022A04EF0200DEF42E /* Debug */ = {
			isa = XCBuildConfiguration;
			buildSettings = {
				ALWAYS_SEARCH_USER_PATHS = NO;
				CLANG_ANALYZER_NONNULL = YES;
				CLANG_ANALYZER_NUMBER_OBJECT_CONVERSION = YES_AGGRESSIVE;
				CLANG_CXX_LANGUAGE_STANDARD = "gnu++20";
				CLANG_ENABLE_MODULES = YES;
				CLANG_ENABLE_OBJC_ARC = YES;
				CLANG_ENABLE_OBJC_WEAK = YES;
				CLANG_WARN_BLOCK_CAPTURE_AUTORELEASING = YES;
				CLANG_WARN_BOOL_CONVERSION = YES;
				CLANG_WARN_COMMA = YES;
				CLANG_WARN_CONSTANT_CONVERSION = YES;
				CLANG_WARN_DEPRECATED_OBJC_IMPLEMENTATIONS = YES;
				CLANG_WARN_DIRECT_OBJC_ISA_USAGE = YES_ERROR;
				CLANG_WARN_DOCUMENTATION_COMMENTS = YES;
				CLANG_WARN_EMPTY_BODY = YES;
				CLANG_WARN_ENUM_CONVERSION = YES;
				CLANG_WARN_INFINITE_RECURSION = YES;
				CLANG_WARN_INT_CONVERSION = YES;
				CLANG_WARN_NON_LITERAL_NULL_CONVERSION = YES;
				CLANG_WARN_OBJC_IMPLICIT_RETAIN_SELF = YES;
				CLANG_WARN_OBJC_LITERAL_CONVERSION = YES;
				CLANG_WARN_OBJC_ROOT_CLASS = YES_ERROR;
				CLANG_WARN_QUOTED_INCLUDE_IN_FRAMEWORK_HEADER = YES;
				CLANG_WARN_RANGE_LOOP_ANALYSIS = YES;
				CLANG_WARN_STRICT_PROTOTYPES = YES;
				CLANG_WARN_SUSPICIOUS_MOVE = YES;
				CLANG_WARN_UNGUARDED_AVAILABILITY = YES_AGGRESSIVE;
				CLANG_WARN_UNREACHABLE_CODE = YES;
				CLANG_WARN__DUPLICATE_METHOD_MATCH = YES;
				COPY_PHASE_STRIP = NO;
				DEBUG_INFORMATION_FORMAT = dwarf;
				ENABLE_STRICT_OBJC_MSGSEND = YES;
				ENABLE_TESTABILITY = YES;
				GCC_C_LANGUAGE_STANDARD = gnu11;
				GCC_DYNAMIC_NO_PIC = NO;
				GCC_NO_COMMON_BLOCKS = YES;
				GCC_OPTIMIZATION_LEVEL = 0;
				GCC_PREPROCESSOR_DEFINITIONS = (
					"DEBUG=1",
					"$(inherited)",
				);
				GCC_WARN_64_TO_32_BIT_CONVERSION = YES;
				GCC_WARN_ABOUT_RETURN_TYPE = YES_ERROR;
				GCC_WARN_UNDECLARED_SELECTOR = YES;
				GCC_WARN_UNINITIALIZED_AUTOS = YES_AGGRESSIVE;
				GCC_WARN_UNUSED_FUNCTION = YES;
				GCC_WARN_UNUSED_VARIABLE = YES;
				IPHONEOS_DEPLOYMENT_TARGET = 16.2;
				MTL_ENABLE_DEBUG_INFO = INCLUDE_SOURCE;
				MTL_FAST_MATH = YES;
				ONLY_ACTIVE_ARCH = YES;
				SDKROOT = iphoneos;
				SWIFT_ACTIVE_COMPILATION_CONDITIONS = DEBUG;
				SWIFT_OPTIMIZATION_LEVEL = "-Onone";
			};
			name = Debug;
		};
		05858E032A04EF0200DEF42E /* Release */ = {
			isa = XCBuildConfiguration;
			buildSettings = {
				ALWAYS_SEARCH_USER_PATHS = NO;
				CLANG_ANALYZER_NONNULL = YES;
				CLANG_ANALYZER_NUMBER_OBJECT_CONVERSION = YES_AGGRESSIVE;
				CLANG_CXX_LANGUAGE_STANDARD = "gnu++20";
				CLANG_ENABLE_MODULES = YES;
				CLANG_ENABLE_OBJC_ARC = YES;
				CLANG_ENABLE_OBJC_WEAK = YES;
				CLANG_WARN_BLOCK_CAPTURE_AUTORELEASING = YES;
				CLANG_WARN_BOOL_CONVERSION = YES;
				CLANG_WARN_COMMA = YES;
				CLANG_WARN_CONSTANT_CONVERSION = YES;
				CLANG_WARN_DEPRECATED_OBJC_IMPLEMENTATIONS = YES;
				CLANG_WARN_DIRECT_OBJC_ISA_USAGE = YES_ERROR;
				CLANG_WARN_DOCUMENTATION_COMMENTS = YES;
				CLANG_WARN_EMPTY_BODY = YES;
				CLANG_WARN_ENUM_CONVERSION = YES;
				CLANG_WARN_INFINITE_RECURSION = YES;
				CLANG_WARN_INT_CONVERSION = YES;
				CLANG_WARN_NON_LITERAL_NULL_CONVERSION = YES;
				CLANG_WARN_OBJC_IMPLICIT_RETAIN_SELF = YES;
				CLANG_WARN_OBJC_LITERAL_CONVERSION = YES;
				CLANG_WARN_OBJC_ROOT_CLASS = YES_ERROR;
				CLANG_WARN_QUOTED_INCLUDE_IN_FRAMEWORK_HEADER = YES;
				CLANG_WARN_RANGE_LOOP_ANALYSIS = YES;
				CLANG_WARN_STRICT_PROTOTYPES = YES;
				CLANG_WARN_SUSPICIOUS_MOVE = YES;
				CLANG_WARN_UNGUARDED_AVAILABILITY = YES_AGGRESSIVE;
				CLANG_WARN_UNREACHABLE_CODE = YES;
				CLANG_WARN__DUPLICATE_METHOD_MATCH = YES;
				COPY_PHASE_STRIP = NO;
				DEBUG_INFORMATION_FORMAT = "dwarf-with-dsym";
				ENABLE_NS_ASSERTIONS = NO;
				ENABLE_STRICT_OBJC_MSGSEND = YES;
				GCC_C_LANGUAGE_STANDARD = gnu11;
				GCC_NO_COMMON_BLOCKS = YES;
				GCC_WARN_64_TO_32_BIT_CONVERSION = YES;
				GCC_WARN_ABOUT_RETURN_TYPE = YES_ERROR;
				GCC_WARN_UNDECLARED_SELECTOR = YES;
				GCC_WARN_UNINITIALIZED_AUTOS = YES_AGGRESSIVE;
				GCC_WARN_UNUSED_FUNCTION = YES;
				GCC_WARN_UNUSED_VARIABLE = YES;
				IPHONEOS_DEPLOYMENT_TARGET = 16.2;
				MTL_ENABLE_DEBUG_INFO = NO;
				MTL_FAST_MATH = YES;
				SDKROOT = iphoneos;
				SWIFT_COMPILATION_MODE = wholemodule;
				SWIFT_OPTIMIZATION_LEVEL = "-O";
				VALIDATE_PRODUCT = YES;
			};
			name = Release;
		};
		05858E052A04EF0200DEF42E /* Debug */ = {
			isa = XCBuildConfiguration;
			buildSettings = {
				ASSETCATALOG_COMPILER_APPICON_NAME = AppIcon;
				ASSETCATALOG_COMPILER_GLOBAL_ACCENT_COLOR_NAME = AccentColor;
				CODE_SIGN_STYLE = Automatic;
				CURRENT_PROJECT_VERSION = 1;
				DEVELOPMENT_ASSET_PATHS = "\"RedCal/Preview Content\"";
				DEVELOPMENT_TEAM = BJAYFXKN5Y;
				ENABLE_PREVIEWS = YES;
				GENERATE_INFOPLIST_FILE = YES;
				INFOPLIST_KEY_UIApplicationSceneManifest_Generation = YES;
				INFOPLIST_KEY_UIApplicationSupportsIndirectInputEvents = YES;
				INFOPLIST_KEY_UILaunchScreen_Generation = YES;
				INFOPLIST_KEY_UISupportedInterfaceOrientations_iPad = "UIInterfaceOrientationPortrait UIInterfaceOrientationPortraitUpsideDown UIInterfaceOrientationLandscapeLeft UIInterfaceOrientationLandscapeRight";
				INFOPLIST_KEY_UISupportedInterfaceOrientations_iPhone = "UIInterfaceOrientationPortrait UIInterfaceOrientationLandscapeLeft UIInterfaceOrientationLandscapeRight";
				LD_RUNPATH_SEARCH_PATHS = (
					"$(inherited)",
					"@executable_path/Frameworks",
				);
				MARKETING_VERSION = 1.0;
				PRODUCT_BUNDLE_IDENTIFIER = com.carissafarry.RedCal;
				PRODUCT_NAME = "$(TARGET_NAME)";
				SWIFT_EMIT_LOC_STRINGS = YES;
				SWIFT_VERSION = 5.0;
				TARGETED_DEVICE_FAMILY = "1,2";
			};
			name = Debug;
		};
		05858E062A04EF0200DEF42E /* Release */ = {
			isa = XCBuildConfiguration;
			buildSettings = {
				ASSETCATALOG_COMPILER_APPICON_NAME = AppIcon;
				ASSETCATALOG_COMPILER_GLOBAL_ACCENT_COLOR_NAME = AccentColor;
				CODE_SIGN_STYLE = Automatic;
				CURRENT_PROJECT_VERSION = 1;
				DEVELOPMENT_ASSET_PATHS = "\"RedCal/Preview Content\"";
				DEVELOPMENT_TEAM = BJAYFXKN5Y;
				ENABLE_PREVIEWS = YES;
				GENERATE_INFOPLIST_FILE = YES;
				INFOPLIST_KEY_UIApplicationSceneManifest_Generation = YES;
				INFOPLIST_KEY_UIApplicationSupportsIndirectInputEvents = YES;
				INFOPLIST_KEY_UILaunchScreen_Generation = YES;
				INFOPLIST_KEY_UISupportedInterfaceOrientations_iPad = "UIInterfaceOrientationPortrait UIInterfaceOrientationPortraitUpsideDown UIInterfaceOrientationLandscapeLeft UIInterfaceOrientationLandscapeRight";
				INFOPLIST_KEY_UISupportedInterfaceOrientations_iPhone = "UIInterfaceOrientationPortrait UIInterfaceOrientationLandscapeLeft UIInterfaceOrientationLandscapeRight";
				LD_RUNPATH_SEARCH_PATHS = (
					"$(inherited)",
					"@executable_path/Frameworks",
				);
				MARKETING_VERSION = 1.0;
				PRODUCT_BUNDLE_IDENTIFIER = com.carissafarry.RedCal;
				PRODUCT_NAME = "$(TARGET_NAME)";
				SWIFT_EMIT_LOC_STRINGS = YES;
				SWIFT_VERSION = 5.0;
				TARGETED_DEVICE_FAMILY = "1,2";
			};
			name = Release;
		};
/* End XCBuildConfiguration section */

/* Begin XCConfigurationList section */
		05858DEC2A04EF0100DEF42E /* Build configuration list for PBXProject "RedCal" */ = {
			isa = XCConfigurationList;
			buildConfigurations = (
				05858E022A04EF0200DEF42E /* Debug */,
				05858E032A04EF0200DEF42E /* Release */,
			);
			defaultConfigurationIsVisible = 0;
			defaultConfigurationName = Release;
		};
		05858E042A04EF0200DEF42E /* Build configuration list for PBXNativeTarget "RedCal" */ = {
			isa = XCConfigurationList;
			buildConfigurations = (
				05858E052A04EF0200DEF42E /* Debug */,
				05858E062A04EF0200DEF42E /* Release */,
			);
			defaultConfigurationIsVisible = 0;
			defaultConfigurationName = Release;
		};
/* End XCConfigurationList section */

/* Begin XCVersionGroup section */
		05858DFF2A04EF0200DEF42E /* RedCal.xcdatamodeld */ = {
			isa = XCVersionGroup;
			children = (
				05858E002A04EF0200DEF42E /* RedCal.xcdatamodel */,
			);
			currentVersion = 05858E002A04EF0200DEF42E /* RedCal.xcdatamodel */;
			path = RedCal.xcdatamodeld;
			sourceTree = "<group>";
			versionGroupType = wrapper.xcdatamodel;
		};
/* End XCVersionGroup section */
	};
	rootObject = 05858DE92A04EF0100DEF42E /* Project object */;
}
